
Microsoft Visual Studio Solution File, Format Version 12.00
# Visual Studio 2012
Project("{FAE04EC0-301F-11D3-BF4B-00C04F79EFBC}") = "MoviesApp", "MoviesApp\MoviesApp.csproj", "{70217555-7725-4BDB-B46D-4E8C95886DEF}"
EndProject
Global
	GlobalSection(SolutionConfigurationPlatforms) = preSolution
		Debug|iPhoneSimulator = Debug|iPhoneSimulator
		Release|iPhone = Release|iPhone
		Release|iPhoneSimulator = Release|iPhoneSimulator
		Debug|iPhone = Debug|iPhone
	EndGlobalSection
	GlobalSection(ProjectConfigurationPlatforms) = postSolution
		{70217555-7725-4BDB-B46D-4E8C95886DEF}.Debug|iPhoneSimulator.ActiveCfg = Debug|iPhoneSimulator
		{70217555-7725-4BDB-B46D-4E8C95886DEF}.Debug|iPhoneSimulator.Build.0 = Debug|iPhoneSimulator
		{70217555-7725-4BDB-B46D-4E8C95886DEF}.Release|iPhone.ActiveCfg = Release|iPhone
		{70217555-7725-4BDB-B46D-4E8C95886DEF}.Release|iPhone.Build.0 = Release|iPhone
		{70217555-7725-4BDB-B46D-4E8C95886DEF}.Release|iPhoneSimulator.ActiveCfg = Release|iPhoneSimulator
		{70217555-7725-4BDB-B46D-4E8C95886DEF}.Release|iPhoneSimulator.Build.0 = Release|iPhoneSimulator
		{70217555-7725-4BDB-B46D-4E8C95886DEF}.Debug|iPhone.ActiveCfg = Debug|iPhone
		{70217555-7725-4BDB-B46D-4E8C95886DEF}.Debug|iPhone.Build.0 = Debug|iPhone
	EndGlobalSection
	GlobalSection(MonoDevelopProperties) = preSolution
		Policies = $0
		$0.TextStylePolicy = $1
		$1.FileWidth = 120
		$1.inheritsSet = VisualStudio
		$1.inheritsScope = text/plain
		$1.scope = text/x-csharp
		$0.CSharpFormattingPolicy = $2
		$2.IndentSwitchSection = True
		$2.NewLinesForBracesInProperties = True
		$2.NewLinesForBracesInAccessors = True
		$2.NewLinesForBracesInAnonymousMethods = True
		$2.NewLinesForBracesInControlBlocks = True
		$2.NewLinesForBracesInAnonymousTypes = True
		$2.NewLinesForBracesInObjectCollectionArrayInitializers = True
		$2.NewLinesForBracesInLambdaExpressionBody = True
		$2.NewLineForElse = True
		$2.NewLineForCatch = True
		$2.NewLineForFinally = True
		$2.NewLineForMembersInObjectInit = True
		$2.NewLineForMembersInAnonymousTypes = True
		$2.NewLineForClausesInQuery = True
		$2.SpacingAfterMethodDeclarationName = False
		$2.SpaceAfterMethodCallName = False
		$2.SpaceBeforeOpenSquareBracket = False
		$2.inheritsSet = Mono
		$2.inheritsScope = text/x-csharp
		$2.scope = text/x-csharp
	EndGlobalSection
EndGlobal
